// !$*UTF8*$!
{
	archiveVersion = 1;
	classes = {
	};
	objectVersion = 51;
	objects = {

/* Begin PBXBuildFile section */
		016B908B25319AB80086DC31 /* AppDelegate.swift in Sources */ = {isa = PBXBuildFile; fileRef = 016B908A25319AB80086DC31 /* AppDelegate.swift */; };
		016B908D25319AB80086DC31 /* SceneDelegate.swift in Sources */ = {isa = PBXBuildFile; fileRef = 016B908C25319AB80086DC31 /* SceneDelegate.swift */; };
		016B908F25319AB80086DC31 /* ContentView.swift in Sources */ = {isa = PBXBuildFile; fileRef = 016B908E25319AB80086DC31 /* ContentView.swift */; };
		016B909125319ABB0086DC31 /* Assets.xcassets in Resources */ = {isa = PBXBuildFile; fileRef = 016B909025319ABB0086DC31 /* Assets.xcassets */; };
		016B909425319ABB0086DC31 /* Preview Assets.xcassets in Resources */ = {isa = PBXBuildFile; fileRef = 016B909325319ABB0086DC31 /* Preview Assets.xcassets */; };
		016B909725319ABB0086DC31 /* LaunchScreen.storyboard in Resources */ = {isa = PBXBuildFile; fileRef = 016B909525319ABB0086DC31 /* LaunchScreen.storyboard */; };
		016B90A225319ABC0086DC31 /* UIKitSwiftUIVIPERTests.swift in Sources */ = {isa = PBXBuildFile; fileRef = 016B90A125319ABC0086DC31 /* UIKitSwiftUIVIPERTests.swift */; };
		016B90AD25319ABC0086DC31 /* UIKitSwiftUIVIPERUITests.swift in Sources */ = {isa = PBXBuildFile; fileRef = 016B90AC25319ABC0086DC31 /* UIKitSwiftUIVIPERUITests.swift */; };
		016B90BF25319B060086DC31 /* ChatListBuilder.swift in Sources */ = {isa = PBXBuildFile; fileRef = 016B90BE25319B060086DC31 /* ChatListBuilder.swift */; };
		016B90C425319B1D0086DC31 /* ChatListContract.swift in Sources */ = {isa = PBXBuildFile; fileRef = 016B90C325319B1D0086DC31 /* ChatListContract.swift */; };
		016B90C925319C320086DC31 /* ChatListInteractor.swift in Sources */ = {isa = PBXBuildFile; fileRef = 016B90C825319C320086DC31 /* ChatListInteractor.swift */; };
		016B90CE25319C600086DC31 /* ChatListPresenter.swift in Sources */ = {isa = PBXBuildFile; fileRef = 016B90CD25319C600086DC31 /* ChatListPresenter.swift */; };
		016B90D325319CAE0086DC31 /* ChatListView.swift in Sources */ = {isa = PBXBuildFile; fileRef = 016B90D225319CAE0086DC31 /* ChatListView.swift */; };
		016B90D82531A2490086DC31 /* ChatListViewModel.swift in Sources */ = {isa = PBXBuildFile; fileRef = 016B90D72531A2490086DC31 /* ChatListViewModel.swift */; };
		016B90DD2531A3670086DC31 /* ChatListRouter.swift in Sources */ = {isa = PBXBuildFile; fileRef = 016B90DC2531A3670086DC31 /* ChatListRouter.swift */; };
		016B90E22531A48C0086DC31 /* ChatListEntity.swift in Sources */ = {isa = PBXBuildFile; fileRef = 016B90E12531A48C0086DC31 /* ChatListEntity.swift */; };
		016B90E72531AA7D0086DC31 /* ChatListStore.swift in Sources */ = {isa = PBXBuildFile; fileRef = 016B90E62531AA7D0086DC31 /* ChatListStore.swift */; };
		016B90F32531BC950086DC31 /* NewChatBuilder.swift in Sources */ = {isa = PBXBuildFile; fileRef = 016B90F22531BC950086DC31 /* NewChatBuilder.swift */; };
		016B90FB2531BCA40086DC31 /* NewChatInteractor.swift in Sources */ = {isa = PBXBuildFile; fileRef = 016B90FA2531BCA40086DC31 /* NewChatInteractor.swift */; };
		016B91002531BCAF0086DC31 /* NewChatPresenter.swift in Sources */ = {isa = PBXBuildFile; fileRef = 016B90FF2531BCAF0086DC31 /* NewChatPresenter.swift */; };
		016B91052531BCB80086DC31 /* NewChatRouter.swift in Sources */ = {isa = PBXBuildFile; fileRef = 016B91042531BCB80086DC31 /* NewChatRouter.swift */; };
		016B910A2531BCC80086DC31 /* NewChatContract.swift in Sources */ = {isa = PBXBuildFile; fileRef = 016B91092531BCC80086DC31 /* NewChatContract.swift */; };
		016B910F2531BCEE0086DC31 /* NewChatEntity.swift in Sources */ = {isa = PBXBuildFile; fileRef = 016B910E2531BCEE0086DC31 /* NewChatEntity.swift */; };
		016B91142531BCFB0086DC31 /* NewChatViewModel.swift in Sources */ = {isa = PBXBuildFile; fileRef = 016B91132531BCFB0086DC31 /* NewChatViewModel.swift */; };
		016B91192531BD050086DC31 /* NewChatStore.swift in Sources */ = {isa = PBXBuildFile; fileRef = 016B91182531BD050086DC31 /* NewChatStore.swift */; };
		016B911E2531BD210086DC31 /* NewChatView.swift in Sources */ = {isa = PBXBuildFile; fileRef = 016B911D2531BD210086DC31 /* NewChatView.swift */; };
		016B91992531E46D0086DC31 /* ChatRoomContract.swift in Sources */ = {isa = PBXBuildFile; fileRef = 016B91982531E46D0086DC31 /* ChatRoomContract.swift */; };
		016B919E2531E4780086DC31 /* ChatRoomBuilder.swift in Sources */ = {isa = PBXBuildFile; fileRef = 016B919D2531E4780086DC31 /* ChatRoomBuilder.swift */; };
		016B91A32531E4850086DC31 /* ChatRoomInteractor.swift in Sources */ = {isa = PBXBuildFile; fileRef = 016B91A22531E4850086DC31 /* ChatRoomInteractor.swift */; };
		016B91A82531E48F0086DC31 /* ChatRoomPresenter.swift in Sources */ = {isa = PBXBuildFile; fileRef = 016B91A72531E48F0086DC31 /* ChatRoomPresenter.swift */; };
		016B91AD2531E49B0086DC31 /* ChatRoomView.swift in Sources */ = {isa = PBXBuildFile; fileRef = 016B91AC2531E49B0086DC31 /* ChatRoomView.swift */; };
		016B91B52531E5980086DC31 /* ChatRoomRouter.swift in Sources */ = {isa = PBXBuildFile; fileRef = 016B91B42531E5980086DC31 /* ChatRoomRouter.swift */; };
		01B7976F253218C500D059B4 /* GoogleService-Info.plist in Resources */ = {isa = PBXBuildFile; fileRef = 01B7976E253218C500D059B4 /* GoogleService-Info.plist */; };
		01B797BD25321C3A00D059B4 /* ChatListFirebase.swift in Sources */ = {isa = PBXBuildFile; fileRef = 01B797BC25321C3A00D059B4 /* ChatListFirebase.swift */; };
		2F512EBFCAC27B7B7C121770 /* Pods_UIKitSwiftUIVIPER.framework in Frameworks */ = {isa = PBXBuildFile; fileRef = 3F5C374882C4E75B6F8276B5 /* Pods_UIKitSwiftUIVIPER.framework */; };
		3610EF2159F7A76F6052921A /* Pods_UIKitSwiftUIVIPER_UIKitSwiftUIVIPERUITests.framework in Frameworks */ = {isa = PBXBuildFile; fileRef = 87FCE47BF616A42CCDB7D917 /* Pods_UIKitSwiftUIVIPER_UIKitSwiftUIVIPERUITests.framework */; };
		92F125531D0894CD908FF415 /* Pods_UIKitSwiftUIVIPERTests.framework in Frameworks */ = {isa = PBXBuildFile; fileRef = 5781670FAA6D35D22993A5B0 /* Pods_UIKitSwiftUIVIPERTests.framework */; };
/* End PBXBuildFile section */

/* Begin PBXContainerItemProxy section */
		016B909E25319ABC0086DC31 /* PBXContainerItemProxy */ = {
			isa = PBXContainerItemProxy;
			containerPortal = 016B907F25319AB80086DC31 /* Project object */;
			proxyType = 1;
			remoteGlobalIDString = 016B908625319AB80086DC31;
			remoteInfo = UIKitSwiftUIVIPER;
		};
		016B90A925319ABC0086DC31 /* PBXContainerItemProxy */ = {
			isa = PBXContainerItemProxy;
			containerPortal = 016B907F25319AB80086DC31 /* Project object */;
			proxyType = 1;
			remoteGlobalIDString = 016B908625319AB80086DC31;
			remoteInfo = UIKitSwiftUIVIPER;
		};
/* End PBXContainerItemProxy section */

/* Begin PBXFileReference section */
		016B908725319AB80086DC31 /* UIKitSwiftUIVIPER.app */ = {isa = PBXFileReference; explicitFileType = wrapper.application; includeInIndex = 0; path = UIKitSwiftUIVIPER.app; sourceTree = BUILT_PRODUCTS_DIR; };
		016B908A25319AB80086DC31 /* AppDelegate.swift */ = {isa = PBXFileReference; lastKnownFileType = sourcecode.swift; path = AppDelegate.swift; sourceTree = "<group>"; };
		016B908C25319AB80086DC31 /* SceneDelegate.swift */ = {isa = PBXFileReference; lastKnownFileType = sourcecode.swift; path = SceneDelegate.swift; sourceTree = "<group>"; };
		016B908E25319AB80086DC31 /* ContentView.swift */ = {isa = PBXFileReference; lastKnownFileType = sourcecode.swift; path = ContentView.swift; sourceTree = "<group>"; };
		016B909025319ABB0086DC31 /* Assets.xcassets */ = {isa = PBXFileReference; lastKnownFileType = folder.assetcatalog; path = Assets.xcassets; sourceTree = "<group>"; };
		016B909325319ABB0086DC31 /* Preview Assets.xcassets */ = {isa = PBXFileReference; lastKnownFileType = folder.assetcatalog; path = "Preview Assets.xcassets"; sourceTree = "<group>"; };
		016B909625319ABB0086DC31 /* Base */ = {isa = PBXFileReference; lastKnownFileType = file.storyboard; name = Base; path = Base.lproj/LaunchScreen.storyboard; sourceTree = "<group>"; };
		016B909825319ABB0086DC31 /* Info.plist */ = {isa = PBXFileReference; lastKnownFileType = text.plist.xml; path = Info.plist; sourceTree = "<group>"; };
		016B909D25319ABC0086DC31 /* UIKitSwiftUIVIPERTests.xctest */ = {isa = PBXFileReference; explicitFileType = wrapper.cfbundle; includeInIndex = 0; path = UIKitSwiftUIVIPERTests.xctest; sourceTree = BUILT_PRODUCTS_DIR; };
		016B90A125319ABC0086DC31 /* UIKitSwiftUIVIPERTests.swift */ = {isa = PBXFileReference; lastKnownFileType = sourcecode.swift; path = UIKitSwiftUIVIPERTests.swift; sourceTree = "<group>"; };
		016B90A325319ABC0086DC31 /* Info.plist */ = {isa = PBXFileReference; lastKnownFileType = text.plist.xml; path = Info.plist; sourceTree = "<group>"; };
		016B90A825319ABC0086DC31 /* UIKitSwiftUIVIPERUITests.xctest */ = {isa = PBXFileReference; explicitFileType = wrapper.cfbundle; includeInIndex = 0; path = UIKitSwiftUIVIPERUITests.xctest; sourceTree = BUILT_PRODUCTS_DIR; };
		016B90AC25319ABC0086DC31 /* UIKitSwiftUIVIPERUITests.swift */ = {isa = PBXFileReference; lastKnownFileType = sourcecode.swift; path = UIKitSwiftUIVIPERUITests.swift; sourceTree = "<group>"; };
		016B90AE25319ABC0086DC31 /* Info.plist */ = {isa = PBXFileReference; lastKnownFileType = text.plist.xml; path = Info.plist; sourceTree = "<group>"; };
		016B90BE25319B060086DC31 /* ChatListBuilder.swift */ = {isa = PBXFileReference; lastKnownFileType = sourcecode.swift; path = ChatListBuilder.swift; sourceTree = "<group>"; };
		016B90C325319B1D0086DC31 /* ChatListContract.swift */ = {isa = PBXFileReference; lastKnownFileType = sourcecode.swift; path = ChatListContract.swift; sourceTree = "<group>"; };
		016B90C825319C320086DC31 /* ChatListInteractor.swift */ = {isa = PBXFileReference; lastKnownFileType = sourcecode.swift; path = ChatListInteractor.swift; sourceTree = "<group>"; };
		016B90CD25319C600086DC31 /* ChatListPresenter.swift */ = {isa = PBXFileReference; lastKnownFileType = sourcecode.swift; path = ChatListPresenter.swift; sourceTree = "<group>"; };
		016B90D225319CAE0086DC31 /* ChatListView.swift */ = {isa = PBXFileReference; lastKnownFileType = sourcecode.swift; path = ChatListView.swift; sourceTree = "<group>"; };
		016B90D72531A2490086DC31 /* ChatListViewModel.swift */ = {isa = PBXFileReference; lastKnownFileType = sourcecode.swift; path = ChatListViewModel.swift; sourceTree = "<group>"; };
		016B90DC2531A3670086DC31 /* ChatListRouter.swift */ = {isa = PBXFileReference; lastKnownFileType = sourcecode.swift; path = ChatListRouter.swift; sourceTree = "<group>"; };
		016B90E12531A48C0086DC31 /* ChatListEntity.swift */ = {isa = PBXFileReference; lastKnownFileType = sourcecode.swift; path = ChatListEntity.swift; sourceTree = "<group>"; };
		016B90E62531AA7D0086DC31 /* ChatListStore.swift */ = {isa = PBXFileReference; lastKnownFileType = sourcecode.swift; path = ChatListStore.swift; sourceTree = "<group>"; };
		016B90F22531BC950086DC31 /* NewChatBuilder.swift */ = {isa = PBXFileReference; lastKnownFileType = sourcecode.swift; path = NewChatBuilder.swift; sourceTree = "<group>"; };
		016B90FA2531BCA40086DC31 /* NewChatInteractor.swift */ = {isa = PBXFileReference; lastKnownFileType = sourcecode.swift; path = NewChatInteractor.swift; sourceTree = "<group>"; };
		016B90FF2531BCAF0086DC31 /* NewChatPresenter.swift */ = {isa = PBXFileReference; lastKnownFileType = sourcecode.swift; path = NewChatPresenter.swift; sourceTree = "<group>"; };
		016B91042531BCB80086DC31 /* NewChatRouter.swift */ = {isa = PBXFileReference; lastKnownFileType = sourcecode.swift; path = NewChatRouter.swift; sourceTree = "<group>"; };
		016B91092531BCC80086DC31 /* NewChatContract.swift */ = {isa = PBXFileReference; lastKnownFileType = sourcecode.swift; path = NewChatContract.swift; sourceTree = "<group>"; };
		016B910E2531BCEE0086DC31 /* NewChatEntity.swift */ = {isa = PBXFileReference; lastKnownFileType = sourcecode.swift; path = NewChatEntity.swift; sourceTree = "<group>"; };
		016B91132531BCFB0086DC31 /* NewChatViewModel.swift */ = {isa = PBXFileReference; lastKnownFileType = sourcecode.swift; path = NewChatViewModel.swift; sourceTree = "<group>"; };
		016B91182531BD050086DC31 /* NewChatStore.swift */ = {isa = PBXFileReference; lastKnownFileType = sourcecode.swift; path = NewChatStore.swift; sourceTree = "<group>"; };
		016B911D2531BD210086DC31 /* NewChatView.swift */ = {isa = PBXFileReference; lastKnownFileType = sourcecode.swift; path = NewChatView.swift; sourceTree = "<group>"; };
		016B91982531E46D0086DC31 /* ChatRoomContract.swift */ = {isa = PBXFileReference; lastKnownFileType = sourcecode.swift; path = ChatRoomContract.swift; sourceTree = "<group>"; };
		016B919D2531E4780086DC31 /* ChatRoomBuilder.swift */ = {isa = PBXFileReference; lastKnownFileType = sourcecode.swift; path = ChatRoomBuilder.swift; sourceTree = "<group>"; };
		016B91A22531E4850086DC31 /* ChatRoomInteractor.swift */ = {isa = PBXFileReference; lastKnownFileType = sourcecode.swift; path = ChatRoomInteractor.swift; sourceTree = "<group>"; };
		016B91A72531E48F0086DC31 /* ChatRoomPresenter.swift */ = {isa = PBXFileReference; lastKnownFileType = sourcecode.swift; path = ChatRoomPresenter.swift; sourceTree = "<group>"; };
		016B91AC2531E49B0086DC31 /* ChatRoomView.swift */ = {isa = PBXFileReference; lastKnownFileType = sourcecode.swift; path = ChatRoomView.swift; sourceTree = "<group>"; };
		016B91B42531E5980086DC31 /* ChatRoomRouter.swift */ = {isa = PBXFileReference; lastKnownFileType = sourcecode.swift; path = ChatRoomRouter.swift; sourceTree = "<group>"; };
		01B7976E253218C500D059B4 /* GoogleService-Info.plist */ = {isa = PBXFileReference; fileEncoding = 4; lastKnownFileType = text.plist.xml; path = "GoogleService-Info.plist"; sourceTree = "<group>"; };
		01B797BC25321C3A00D059B4 /* ChatListFirebase.swift */ = {isa = PBXFileReference; lastKnownFileType = sourcecode.swift; path = ChatListFirebase.swift; sourceTree = "<group>"; };
		3F5C374882C4E75B6F8276B5 /* Pods_UIKitSwiftUIVIPER.framework */ = {isa = PBXFileReference; explicitFileType = wrapper.framework; includeInIndex = 0; path = Pods_UIKitSwiftUIVIPER.framework; sourceTree = BUILT_PRODUCTS_DIR; };
		5781670FAA6D35D22993A5B0 /* Pods_UIKitSwiftUIVIPERTests.framework */ = {isa = PBXFileReference; explicitFileType = wrapper.framework; includeInIndex = 0; path = Pods_UIKitSwiftUIVIPERTests.framework; sourceTree = BUILT_PRODUCTS_DIR; };
		65C37EAAEDB791DCEC63DDD9 /* Pods-UIKitSwiftUIVIPER-UIKitSwiftUIVIPERUITests.release.xcconfig */ = {isa = PBXFileReference; includeInIndex = 1; lastKnownFileType = text.xcconfig; name = "Pods-UIKitSwiftUIVIPER-UIKitSwiftUIVIPERUITests.release.xcconfig"; path = "Target Support Files/Pods-UIKitSwiftUIVIPER-UIKitSwiftUIVIPERUITests/Pods-UIKitSwiftUIVIPER-UIKitSwiftUIVIPERUITests.release.xcconfig"; sourceTree = "<group>"; };
		69251BA2E1B96DC07A82CFF5 /* Pods-UIKitSwiftUIVIPER-UIKitSwiftUIVIPERUITests.debug.xcconfig */ = {isa = PBXFileReference; includeInIndex = 1; lastKnownFileType = text.xcconfig; name = "Pods-UIKitSwiftUIVIPER-UIKitSwiftUIVIPERUITests.debug.xcconfig"; path = "Target Support Files/Pods-UIKitSwiftUIVIPER-UIKitSwiftUIVIPERUITests/Pods-UIKitSwiftUIVIPER-UIKitSwiftUIVIPERUITests.debug.xcconfig"; sourceTree = "<group>"; };
		6BB251732254A1A84822062E /* Pods-UIKitSwiftUIVIPER.debug.xcconfig */ = {isa = PBXFileReference; includeInIndex = 1; lastKnownFileType = text.xcconfig; name = "Pods-UIKitSwiftUIVIPER.debug.xcconfig"; path = "Target Support Files/Pods-UIKitSwiftUIVIPER/Pods-UIKitSwiftUIVIPER.debug.xcconfig"; sourceTree = "<group>"; };
		71256EE0DF994EEE44F3D893 /* Pods-UIKitSwiftUIVIPERTests.release.xcconfig */ = {isa = PBXFileReference; includeInIndex = 1; lastKnownFileType = text.xcconfig; name = "Pods-UIKitSwiftUIVIPERTests.release.xcconfig"; path = "Target Support Files/Pods-UIKitSwiftUIVIPERTests/Pods-UIKitSwiftUIVIPERTests.release.xcconfig"; sourceTree = "<group>"; };
		87FCE47BF616A42CCDB7D917 /* Pods_UIKitSwiftUIVIPER_UIKitSwiftUIVIPERUITests.framework */ = {isa = PBXFileReference; explicitFileType = wrapper.framework; includeInIndex = 0; path = Pods_UIKitSwiftUIVIPER_UIKitSwiftUIVIPERUITests.framework; sourceTree = BUILT_PRODUCTS_DIR; };
		9AB6C19025E4DF41A20976B0 /* Pods-UIKitSwiftUIVIPERTests.debug.xcconfig */ = {isa = PBXFileReference; includeInIndex = 1; lastKnownFileType = text.xcconfig; name = "Pods-UIKitSwiftUIVIPERTests.debug.xcconfig"; path = "Target Support Files/Pods-UIKitSwiftUIVIPERTests/Pods-UIKitSwiftUIVIPERTests.debug.xcconfig"; sourceTree = "<group>"; };
		D2859A39DC6D56079B7DD1F2 /* Pods-UIKitSwiftUIVIPER.release.xcconfig */ = {isa = PBXFileReference; includeInIndex = 1; lastKnownFileType = text.xcconfig; name = "Pods-UIKitSwiftUIVIPER.release.xcconfig"; path = "Target Support Files/Pods-UIKitSwiftUIVIPER/Pods-UIKitSwiftUIVIPER.release.xcconfig"; sourceTree = "<group>"; };
/* End PBXFileReference section */

/* Begin PBXFrameworksBuildPhase section */
		016B908425319AB80086DC31 /* Frameworks */ = {
			isa = PBXFrameworksBuildPhase;
			buildActionMask = 2147483647;
			files = (
				2F512EBFCAC27B7B7C121770 /* Pods_UIKitSwiftUIVIPER.framework in Frameworks */,
			);
			runOnlyForDeploymentPostprocessing = 0;
		};
		016B909A25319ABC0086DC31 /* Frameworks */ = {
			isa = PBXFrameworksBuildPhase;
			buildActionMask = 2147483647;
			files = (
				92F125531D0894CD908FF415 /* Pods_UIKitSwiftUIVIPERTests.framework in Frameworks */,
			);
			runOnlyForDeploymentPostprocessing = 0;
		};
		016B90A525319ABC0086DC31 /* Frameworks */ = {
			isa = PBXFrameworksBuildPhase;
			buildActionMask = 2147483647;
			files = (
				3610EF2159F7A76F6052921A /* Pods_UIKitSwiftUIVIPER_UIKitSwiftUIVIPERUITests.framework in Frameworks */,
			);
			runOnlyForDeploymentPostprocessing = 0;
		};
/* End PBXFrameworksBuildPhase section */

/* Begin PBXGroup section */
		016B907E25319AB80086DC31 = {
			isa = PBXGroup;
			children = (
				016B908925319AB80086DC31 /* UIKitSwiftUIVIPER */,
				016B90A025319ABC0086DC31 /* UIKitSwiftUIVIPERTests */,
				016B90AB25319ABC0086DC31 /* UIKitSwiftUIVIPERUITests */,
				016B908825319AB80086DC31 /* Products */,
				636975E17B890F0898290CC3 /* Pods */,
				0582F6F9A4CCEE7645DBBF52 /* Frameworks */,
			);
			sourceTree = "<group>";
		};
		016B908825319AB80086DC31 /* Products */ = {
			isa = PBXGroup;
			children = (
				016B908725319AB80086DC31 /* UIKitSwiftUIVIPER.app */,
				016B909D25319ABC0086DC31 /* UIKitSwiftUIVIPERTests.xctest */,
				016B90A825319ABC0086DC31 /* UIKitSwiftUIVIPERUITests.xctest */,
			);
			name = Products;
			sourceTree = "<group>";
		};
		016B908925319AB80086DC31 /* UIKitSwiftUIVIPER */ = {
			isa = PBXGroup;
			children = (
				016B908A25319AB80086DC31 /* AppDelegate.swift */,
				016B908C25319AB80086DC31 /* SceneDelegate.swift */,
				016B91972531E44B0086DC31 /* ChatRoomModule */,
				016B90F12531BC7C0086DC31 /* NewChatModule */,
				016B90BD25319AF10086DC31 /* ChatListModule */,
				016B908E25319AB80086DC31 /* ContentView.swift */,
				016B909025319ABB0086DC31 /* Assets.xcassets */,
				016B909525319ABB0086DC31 /* LaunchScreen.storyboard */,
				016B909825319ABB0086DC31 /* Info.plist */,
				01B7976E253218C500D059B4 /* GoogleService-Info.plist */,
				016B909225319ABB0086DC31 /* Preview Content */,
			);
			path = UIKitSwiftUIVIPER;
			sourceTree = "<group>";
		};
		016B909225319ABB0086DC31 /* Preview Content */ = {
			isa = PBXGroup;
			children = (
				016B909325319ABB0086DC31 /* Preview Assets.xcassets */,
			);
			path = "Preview Content";
			sourceTree = "<group>";
		};
		016B90A025319ABC0086DC31 /* UIKitSwiftUIVIPERTests */ = {
			isa = PBXGroup;
			children = (
				016B90A125319ABC0086DC31 /* UIKitSwiftUIVIPERTests.swift */,
				016B90A325319ABC0086DC31 /* Info.plist */,
			);
			path = UIKitSwiftUIVIPERTests;
			sourceTree = "<group>";
		};
		016B90AB25319ABC0086DC31 /* UIKitSwiftUIVIPERUITests */ = {
			isa = PBXGroup;
			children = (
				016B90AC25319ABC0086DC31 /* UIKitSwiftUIVIPERUITests.swift */,
				016B90AE25319ABC0086DC31 /* Info.plist */,
			);
			path = UIKitSwiftUIVIPERUITests;
			sourceTree = "<group>";
		};
		016B90BD25319AF10086DC31 /* ChatListModule */ = {
			isa = PBXGroup;
			children = (
				01B797BB25321C2200D059B4 /* Firebase */,
				016B90BE25319B060086DC31 /* ChatListBuilder.swift */,
				016B90C325319B1D0086DC31 /* ChatListContract.swift */,
				016B90DC2531A3670086DC31 /* ChatListRouter.swift */,
				016B90C825319C320086DC31 /* ChatListInteractor.swift */,
				016B90CD25319C600086DC31 /* ChatListPresenter.swift */,
				016B90D225319CAE0086DC31 /* ChatListView.swift */,
				016B90E62531AA7D0086DC31 /* ChatListStore.swift */,
				016B90E12531A48C0086DC31 /* ChatListEntity.swift */,
				016B90D72531A2490086DC31 /* ChatListViewModel.swift */,
			);
			path = ChatListModule;
			sourceTree = "<group>";
		};
		016B90F12531BC7C0086DC31 /* NewChatModule */ = {
			isa = PBXGroup;
			children = (
				016B90F22531BC950086DC31 /* NewChatBuilder.swift */,
				016B91092531BCC80086DC31 /* NewChatContract.swift */,
				016B90FA2531BCA40086DC31 /* NewChatInteractor.swift */,
				016B90FF2531BCAF0086DC31 /* NewChatPresenter.swift */,
				016B91042531BCB80086DC31 /* NewChatRouter.swift */,
				016B910E2531BCEE0086DC31 /* NewChatEntity.swift */,
				016B91132531BCFB0086DC31 /* NewChatViewModel.swift */,
				016B91182531BD050086DC31 /* NewChatStore.swift */,
				016B911D2531BD210086DC31 /* NewChatView.swift */,
			);
			path = NewChatModule;
			sourceTree = "<group>";
		};
		016B91972531E44B0086DC31 /* ChatRoomModule */ = {
			isa = PBXGroup;
			children = (
				016B91982531E46D0086DC31 /* ChatRoomContract.swift */,
				016B919D2531E4780086DC31 /* ChatRoomBuilder.swift */,
				016B91B42531E5980086DC31 /* ChatRoomRouter.swift */,
				016B91A22531E4850086DC31 /* ChatRoomInteractor.swift */,
				016B91A72531E48F0086DC31 /* ChatRoomPresenter.swift */,
				016B91AC2531E49B0086DC31 /* ChatRoomView.swift */,
			);
			path = ChatRoomModule;
			sourceTree = "<group>";
		};
		01B797BB25321C2200D059B4 /* Firebase */ = {
			isa = PBXGroup;
			children = (
				01B797BC25321C3A00D059B4 /* ChatListFirebase.swift */,
			);
			path = Firebase;
			sourceTree = "<group>";
		};
		0582F6F9A4CCEE7645DBBF52 /* Frameworks */ = {
			isa = PBXGroup;
			children = (
				3F5C374882C4E75B6F8276B5 /* Pods_UIKitSwiftUIVIPER.framework */,
				87FCE47BF616A42CCDB7D917 /* Pods_UIKitSwiftUIVIPER_UIKitSwiftUIVIPERUITests.framework */,
				5781670FAA6D35D22993A5B0 /* Pods_UIKitSwiftUIVIPERTests.framework */,
			);
			name = Frameworks;
			sourceTree = "<group>";
		};
		636975E17B890F0898290CC3 /* Pods */ = {
			isa = PBXGroup;
			children = (
				6BB251732254A1A84822062E /* Pods-UIKitSwiftUIVIPER.debug.xcconfig */,
				D2859A39DC6D56079B7DD1F2 /* Pods-UIKitSwiftUIVIPER.release.xcconfig */,
				69251BA2E1B96DC07A82CFF5 /* Pods-UIKitSwiftUIVIPER-UIKitSwiftUIVIPERUITests.debug.xcconfig */,
				65C37EAAEDB791DCEC63DDD9 /* Pods-UIKitSwiftUIVIPER-UIKitSwiftUIVIPERUITests.release.xcconfig */,
				9AB6C19025E4DF41A20976B0 /* Pods-UIKitSwiftUIVIPERTests.debug.xcconfig */,
				71256EE0DF994EEE44F3D893 /* Pods-UIKitSwiftUIVIPERTests.release.xcconfig */,
			);
			path = Pods;
			sourceTree = "<group>";
		};
/* End PBXGroup section */

/* Begin PBXNativeTarget section */
		016B908625319AB80086DC31 /* UIKitSwiftUIVIPER */ = {
			isa = PBXNativeTarget;
			buildConfigurationList = 016B90B125319ABC0086DC31 /* Build configuration list for PBXNativeTarget "UIKitSwiftUIVIPER" */;
			buildPhases = (
				B69E102B130EBC9B3166B2D0 /* [CP] Check Pods Manifest.lock */,
				016B908325319AB80086DC31 /* Sources */,
				016B908425319AB80086DC31 /* Frameworks */,
				016B908525319AB80086DC31 /* Resources */,
				99905B6B0302301AF16B6E00 /* [CP] Embed Pods Frameworks */,
			);
			buildRules = (
			);
			dependencies = (
			);
			name = UIKitSwiftUIVIPER;
			productName = UIKitSwiftUIVIPER;
			productReference = 016B908725319AB80086DC31 /* UIKitSwiftUIVIPER.app */;
			productType = "com.apple.product-type.application";
		};
		016B909C25319ABC0086DC31 /* UIKitSwiftUIVIPERTests */ = {
			isa = PBXNativeTarget;
			buildConfigurationList = 016B90B425319ABC0086DC31 /* Build configuration list for PBXNativeTarget "UIKitSwiftUIVIPERTests" */;
			buildPhases = (
				5BDF03EF2039F1B1943E4B9D /* [CP] Check Pods Manifest.lock */,
				016B909925319ABC0086DC31 /* Sources */,
				016B909A25319ABC0086DC31 /* Frameworks */,
				016B909B25319ABC0086DC31 /* Resources */,
			);
			buildRules = (
			);
			dependencies = (
				016B909F25319ABC0086DC31 /* PBXTargetDependency */,
			);
			name = UIKitSwiftUIVIPERTests;
			productName = UIKitSwiftUIVIPERTests;
			productReference = 016B909D25319ABC0086DC31 /* UIKitSwiftUIVIPERTests.xctest */;
			productType = "com.apple.product-type.bundle.unit-test";
		};
		016B90A725319ABC0086DC31 /* UIKitSwiftUIVIPERUITests */ = {
			isa = PBXNativeTarget;
			buildConfigurationList = 016B90B725319ABC0086DC31 /* Build configuration list for PBXNativeTarget "UIKitSwiftUIVIPERUITests" */;
			buildPhases = (
				1A826819A789354BF8182984 /* [CP] Check Pods Manifest.lock */,
				016B90A425319ABC0086DC31 /* Sources */,
				016B90A525319ABC0086DC31 /* Frameworks */,
				016B90A625319ABC0086DC31 /* Resources */,
				364C474FC762C8FEE6DCE93D /* [CP] Embed Pods Frameworks */,
			);
			buildRules = (
			);
			dependencies = (
				016B90AA25319ABC0086DC31 /* PBXTargetDependency */,
			);
			name = UIKitSwiftUIVIPERUITests;
			productName = UIKitSwiftUIVIPERUITests;
			productReference = 016B90A825319ABC0086DC31 /* UIKitSwiftUIVIPERUITests.xctest */;
			productType = "com.apple.product-type.bundle.ui-testing";
		};
/* End PBXNativeTarget section */

/* Begin PBXProject section */
		016B907F25319AB80086DC31 /* Project object */ = {
			isa = PBXProject;
			attributes = {
				LastSwiftUpdateCheck = 1200;
				LastUpgradeCheck = 1200;
				TargetAttributes = {
					016B908625319AB80086DC31 = {
						CreatedOnToolsVersion = 12.0.1;
					};
					016B909C25319ABC0086DC31 = {
						CreatedOnToolsVersion = 12.0.1;
						TestTargetID = 016B908625319AB80086DC31;
					};
					016B90A725319ABC0086DC31 = {
						CreatedOnToolsVersion = 12.0.1;
						TestTargetID = 016B908625319AB80086DC31;
					};
				};
			};
			buildConfigurationList = 016B908225319AB80086DC31 /* Build configuration list for PBXProject "UIKitSwiftUIVIPER" */;
			compatibilityVersion = "Xcode 9.3";
			developmentRegion = en;
			hasScannedForEncodings = 0;
			knownRegions = (
				en,
				Base,
			);
			mainGroup = 016B907E25319AB80086DC31;
			productRefGroup = 016B908825319AB80086DC31 /* Products */;
			projectDirPath = "";
			projectRoot = "";
			targets = (
				016B908625319AB80086DC31 /* UIKitSwiftUIVIPER */,
				016B909C25319ABC0086DC31 /* UIKitSwiftUIVIPERTests */,
				016B90A725319ABC0086DC31 /* UIKitSwiftUIVIPERUITests */,
			);
		};
/* End PBXProject section */

/* Begin PBXResourcesBuildPhase section */
		016B908525319AB80086DC31 /* Resources */ = {
			isa = PBXResourcesBuildPhase;
			buildActionMask = 2147483647;
			files = (
				016B909725319ABB0086DC31 /* LaunchScreen.storyboard in Resources */,
				01B7976F253218C500D059B4 /* GoogleService-Info.plist in Resources */,
				016B909425319ABB0086DC31 /* Preview Assets.xcassets in Resources */,
				016B909125319ABB0086DC31 /* Assets.xcassets in Resources */,
			);
			runOnlyForDeploymentPostprocessing = 0;
		};
		016B909B25319ABC0086DC31 /* Resources */ = {
			isa = PBXResourcesBuildPhase;
			buildActionMask = 2147483647;
			files = (
			);
			runOnlyForDeploymentPostprocessing = 0;
		};
		016B90A625319ABC0086DC31 /* Resources */ = {
			isa = PBXResourcesBuildPhase;
			buildActionMask = 2147483647;
			files = (
			);
			runOnlyForDeploymentPostprocessing = 0;
		};
/* End PBXResourcesBuildPhase section */

/* Begin PBXShellScriptBuildPhase section */
		1A826819A789354BF8182984 /* [CP] Check Pods Manifest.lock */ = {
			isa = PBXShellScriptBuildPhase;
			buildActionMask = 2147483647;
			files = (
			);
			inputFileListPaths = (
			);
			inputPaths = (
				"${PODS_PODFILE_DIR_PATH}/Podfile.lock",
				"${PODS_ROOT}/Manifest.lock",
			);
			name = "[CP] Check Pods Manifest.lock";
			outputFileListPaths = (
			);
			outputPaths = (
				"$(DERIVED_FILE_DIR)/Pods-UIKitSwiftUIVIPER-UIKitSwiftUIVIPERUITests-checkManifestLockResult.txt",
			);
			runOnlyForDeploymentPostprocessing = 0;
			shellPath = /bin/sh;
			shellScript = "diff \"${PODS_PODFILE_DIR_PATH}/Podfile.lock\" \"${PODS_ROOT}/Manifest.lock\" > /dev/null\nif [ $? != 0 ] ; then\n    # print error to STDERR\n    echo \"error: The sandbox is not in sync with the Podfile.lock. Run 'pod install' or update your CocoaPods installation.\" >&2\n    exit 1\nfi\n# This output is used by Xcode 'outputs' to avoid re-running this script phase.\necho \"SUCCESS\" > \"${SCRIPT_OUTPUT_FILE_0}\"\n";
			showEnvVarsInLog = 0;
		};
		364C474FC762C8FEE6DCE93D /* [CP] Embed Pods Frameworks */ = {
			isa = PBXShellScriptBuildPhase;
			buildActionMask = 2147483647;
			files = (
			);
			inputFileListPaths = (
				"${PODS_ROOT}/Target Support Files/Pods-UIKitSwiftUIVIPER-UIKitSwiftUIVIPERUITests/Pods-UIKitSwiftUIVIPER-UIKitSwiftUIVIPERUITests-frameworks-${CONFIGURATION}-input-files.xcfilelist",
			);
			name = "[CP] Embed Pods Frameworks";
			outputFileListPaths = (
				"${PODS_ROOT}/Target Support Files/Pods-UIKitSwiftUIVIPER-UIKitSwiftUIVIPERUITests/Pods-UIKitSwiftUIVIPER-UIKitSwiftUIVIPERUITests-frameworks-${CONFIGURATION}-output-files.xcfilelist",
			);
			runOnlyForDeploymentPostprocessing = 0;
			shellPath = /bin/sh;
			shellScript = "\"${PODS_ROOT}/Target Support Files/Pods-UIKitSwiftUIVIPER-UIKitSwiftUIVIPERUITests/Pods-UIKitSwiftUIVIPER-UIKitSwiftUIVIPERUITests-frameworks.sh\"\n";
			showEnvVarsInLog = 0;
		};
		5BDF03EF2039F1B1943E4B9D /* [CP] Check Pods Manifest.lock */ = {
			isa = PBXShellScriptBuildPhase;
			buildActionMask = 2147483647;
			files = (
			);
			inputFileListPaths = (
			);
			inputPaths = (
				"${PODS_PODFILE_DIR_PATH}/Podfile.lock",
				"${PODS_ROOT}/Manifest.lock",
			);
			name = "[CP] Check Pods Manifest.lock";
			outputFileListPaths = (
			);
			outputPaths = (
				"$(DERIVED_FILE_DIR)/Pods-UIKitSwiftUIVIPERTests-checkManifestLockResult.txt",
			);
			runOnlyForDeploymentPostprocessing = 0;
			shellPath = /bin/sh;
			shellScript = "diff \"${PODS_PODFILE_DIR_PATH}/Podfile.lock\" \"${PODS_ROOT}/Manifest.lock\" > /dev/null\nif [ $? != 0 ] ; then\n    # print error to STDERR\n    echo \"error: The sandbox is not in sync with the Podfile.lock. Run 'pod install' or update your CocoaPods installation.\" >&2\n    exit 1\nfi\n# This output is used by Xcode 'outputs' to avoid re-running this script phase.\necho \"SUCCESS\" > \"${SCRIPT_OUTPUT_FILE_0}\"\n";
			showEnvVarsInLog = 0;
		};
		99905B6B0302301AF16B6E00 /* [CP] Embed Pods Frameworks */ = {
			isa = PBXShellScriptBuildPhase;
			buildActionMask = 2147483647;
			files = (
			);
			inputFileListPaths = (
				"${PODS_ROOT}/Target Support Files/Pods-UIKitSwiftUIVIPER/Pods-UIKitSwiftUIVIPER-frameworks-${CONFIGURATION}-input-files.xcfilelist",
			);
			name = "[CP] Embed Pods Frameworks";
			outputFileListPaths = (
				"${PODS_ROOT}/Target Support Files/Pods-UIKitSwiftUIVIPER/Pods-UIKitSwiftUIVIPER-frameworks-${CONFIGURATION}-output-files.xcfilelist",
			);
			runOnlyForDeploymentPostprocessing = 0;
			shellPath = /bin/sh;
			shellScript = "\"${PODS_ROOT}/Target Support Files/Pods-UIKitSwiftUIVIPER/Pods-UIKitSwiftUIVIPER-frameworks.sh\"\n";
			showEnvVarsInLog = 0;
		};
		B69E102B130EBC9B3166B2D0 /* [CP] Check Pods Manifest.lock */ = {
			isa = PBXShellScriptBuildPhase;
			buildActionMask = 2147483647;
			files = (
			);
			inputFileListPaths = (
			);
			inputPaths = (
				"${PODS_PODFILE_DIR_PATH}/Podfile.lock",
				"${PODS_ROOT}/Manifest.lock",
			);
			name = "[CP] Check Pods Manifest.lock";
			outputFileListPaths = (
			);
			outputPaths = (
				"$(DERIVED_FILE_DIR)/Pods-UIKitSwiftUIVIPER-checkManifestLockResult.txt",
			);
			runOnlyForDeploymentPostprocessing = 0;
			shellPath = /bin/sh;
			shellScript = "diff \"${PODS_PODFILE_DIR_PATH}/Podfile.lock\" \"${PODS_ROOT}/Manifest.lock\" > /dev/null\nif [ $? != 0 ] ; then\n    # print error to STDERR\n    echo \"error: The sandbox is not in sync with the Podfile.lock. Run 'pod install' or update your CocoaPods installation.\" >&2\n    exit 1\nfi\n# This output is used by Xcode 'outputs' to avoid re-running this script phase.\necho \"SUCCESS\" > \"${SCRIPT_OUTPUT_FILE_0}\"\n";
			showEnvVarsInLog = 0;
		};
/* End PBXShellScriptBuildPhase section */

/* Begin PBXSourcesBuildPhase section */
		016B908325319AB80086DC31 /* Sources */ = {
			isa = PBXSourcesBuildPhase;
			buildActionMask = 2147483647;
			files = (
				016B90F32531BC950086DC31 /* NewChatBuilder.swift in Sources */,
				016B91142531BCFB0086DC31 /* NewChatViewModel.swift in Sources */,
				016B910A2531BCC80086DC31 /* NewChatContract.swift in Sources */,
				016B91AD2531E49B0086DC31 /* ChatRoomView.swift in Sources */,
				016B91002531BCAF0086DC31 /* NewChatPresenter.swift in Sources */,
				016B90DD2531A3670086DC31 /* ChatListRouter.swift in Sources */,
				016B91B52531E5980086DC31 /* ChatRoomRouter.swift in Sources */,
				016B90E22531A48C0086DC31 /* ChatListEntity.swift in Sources */,
				016B90C425319B1D0086DC31 /* ChatListContract.swift in Sources */,
				016B908B25319AB80086DC31 /* AppDelegate.swift in Sources */,
				016B91192531BD050086DC31 /* NewChatStore.swift in Sources */,
				016B90C925319C320086DC31 /* ChatListInteractor.swift in Sources */,
				016B908D25319AB80086DC31 /* SceneDelegate.swift in Sources */,
				016B91A32531E4850086DC31 /* ChatRoomInteractor.swift in Sources */,
				016B90D325319CAE0086DC31 /* ChatListView.swift in Sources */,
				016B91052531BCB80086DC31 /* NewChatRouter.swift in Sources */,
				016B90E72531AA7D0086DC31 /* ChatListStore.swift in Sources */,
				016B90CE25319C600086DC31 /* ChatListPresenter.swift in Sources */,
				016B919E2531E4780086DC31 /* ChatRoomBuilder.swift in Sources */,
				016B90D82531A2490086DC31 /* ChatListViewModel.swift in Sources */,
				016B91992531E46D0086DC31 /* ChatRoomContract.swift in Sources */,
				016B911E2531BD210086DC31 /* NewChatView.swift in Sources */,
				016B90FB2531BCA40086DC31 /* NewChatInteractor.swift in Sources */,
				016B91A82531E48F0086DC31 /* ChatRoomPresenter.swift in Sources */,
				016B910F2531BCEE0086DC31 /* NewChatEntity.swift in Sources */,
				016B908F25319AB80086DC31 /* ContentView.swift in Sources */,
				01B797BD25321C3A00D059B4 /* ChatListFirebase.swift in Sources */,
				016B90BF25319B060086DC31 /* ChatListBuilder.swift in Sources */,
			);
			runOnlyForDeploymentPostprocessing = 0;
		};
		016B909925319ABC0086DC31 /* Sources */ = {
			isa = PBXSourcesBuildPhase;
			buildActionMask = 2147483647;
			files = (
				016B90A225319ABC0086DC31 /* UIKitSwiftUIVIPERTests.swift in Sources */,
			);
			runOnlyForDeploymentPostprocessing = 0;
		};
		016B90A425319ABC0086DC31 /* Sources */ = {
			isa = PBXSourcesBuildPhase;
			buildActionMask = 2147483647;
			files = (
				016B90AD25319ABC0086DC31 /* UIKitSwiftUIVIPERUITests.swift in Sources */,
			);
			runOnlyForDeploymentPostprocessing = 0;
		};
/* End PBXSourcesBuildPhase section */

/* Begin PBXTargetDependency section */
		016B909F25319ABC0086DC31 /* PBXTargetDependency */ = {
			isa = PBXTargetDependency;
			target = 016B908625319AB80086DC31 /* UIKitSwiftUIVIPER */;
			targetProxy = 016B909E25319ABC0086DC31 /* PBXContainerItemProxy */;
		};
		016B90AA25319ABC0086DC31 /* PBXTargetDependency */ = {
			isa = PBXTargetDependency;
			target = 016B908625319AB80086DC31 /* UIKitSwiftUIVIPER */;
			targetProxy = 016B90A925319ABC0086DC31 /* PBXContainerItemProxy */;
		};
/* End PBXTargetDependency section */

/* Begin PBXVariantGroup section */
		016B909525319ABB0086DC31 /* LaunchScreen.storyboard */ = {
			isa = PBXVariantGroup;
			children = (
				016B909625319ABB0086DC31 /* Base */,
			);
			name = LaunchScreen.storyboard;
			sourceTree = "<group>";
		};
/* End PBXVariantGroup section */

/* Begin XCBuildConfiguration section */
		016B90AF25319ABC0086DC31 /* Debug */ = {
			isa = XCBuildConfiguration;
			buildSettings = {
				ALWAYS_SEARCH_USER_PATHS = NO;
				CLANG_ANALYZER_NONNULL = YES;
				CLANG_ANALYZER_NUMBER_OBJECT_CONVERSION = YES_AGGRESSIVE;
				CLANG_CXX_LANGUAGE_STANDARD = "gnu++14";
				CLANG_CXX_LIBRARY = "libc++";
				CLANG_ENABLE_MODULES = YES;
				CLANG_ENABLE_OBJC_ARC = YES;
				CLANG_ENABLE_OBJC_WEAK = YES;
				CLANG_WARN_BLOCK_CAPTURE_AUTORELEASING = YES;
				CLANG_WARN_BOOL_CONVERSION = YES;
				CLANG_WARN_COMMA = YES;
				CLANG_WARN_CONSTANT_CONVERSION = YES;
				CLANG_WARN_DEPRECATED_OBJC_IMPLEMENTATIONS = YES;
				CLANG_WARN_DIRECT_OBJC_ISA_USAGE = YES_ERROR;
				CLANG_WARN_DOCUMENTATION_COMMENTS = YES;
				CLANG_WARN_EMPTY_BODY = YES;
				CLANG_WARN_ENUM_CONVERSION = YES;
				CLANG_WARN_INFINITE_RECURSION = YES;
				CLANG_WARN_INT_CONVERSION = YES;
				CLANG_WARN_NON_LITERAL_NULL_CONVERSION = YES;
				CLANG_WARN_OBJC_IMPLICIT_RETAIN_SELF = YES;
				CLANG_WARN_OBJC_LITERAL_CONVERSION = YES;
				CLANG_WARN_OBJC_ROOT_CLASS = YES_ERROR;
				CLANG_WARN_QUOTED_INCLUDE_IN_FRAMEWORK_HEADER = YES;
				CLANG_WARN_RANGE_LOOP_ANALYSIS = YES;
				CLANG_WARN_STRICT_PROTOTYPES = YES;
				CLANG_WARN_SUSPICIOUS_MOVE = YES;
				CLANG_WARN_UNGUARDED_AVAILABILITY = YES_AGGRESSIVE;
				CLANG_WARN_UNREACHABLE_CODE = YES;
				CLANG_WARN__DUPLICATE_METHOD_MATCH = YES;
				COPY_PHASE_STRIP = NO;
				DEBUG_INFORMATION_FORMAT = dwarf;
				ENABLE_STRICT_OBJC_MSGSEND = YES;
				ENABLE_TESTABILITY = YES;
				GCC_C_LANGUAGE_STANDARD = gnu11;
				GCC_DYNAMIC_NO_PIC = NO;
				GCC_NO_COMMON_BLOCKS = YES;
				GCC_OPTIMIZATION_LEVEL = 0;
				GCC_PREPROCESSOR_DEFINITIONS = (
					"DEBUG=1",
					"$(inherited)",
				);
				GCC_WARN_64_TO_32_BIT_CONVERSION = YES;
				GCC_WARN_ABOUT_RETURN_TYPE = YES_ERROR;
				GCC_WARN_UNDECLARED_SELECTOR = YES;
				GCC_WARN_UNINITIALIZED_AUTOS = YES_AGGRESSIVE;
				GCC_WARN_UNUSED_FUNCTION = YES;
				GCC_WARN_UNUSED_VARIABLE = YES;
				IPHONEOS_DEPLOYMENT_TARGET = 14.0;
				MTL_ENABLE_DEBUG_INFO = INCLUDE_SOURCE;
				MTL_FAST_MATH = YES;
				ONLY_ACTIVE_ARCH = YES;
				SDKROOT = iphoneos;
				SWIFT_ACTIVE_COMPILATION_CONDITIONS = DEBUG;
				SWIFT_OPTIMIZATION_LEVEL = "-Onone";
			};
			name = Debug;
		};
		016B90B025319ABC0086DC31 /* Release */ = {
			isa = XCBuildConfiguration;
			buildSettings = {
				ALWAYS_SEARCH_USER_PATHS = NO;
				CLANG_ANALYZER_NONNULL = YES;
				CLANG_ANALYZER_NUMBER_OBJECT_CONVERSION = YES_AGGRESSIVE;
				CLANG_CXX_LANGUAGE_STANDARD = "gnu++14";
				CLANG_CXX_LIBRARY = "libc++";
				CLANG_ENABLE_MODULES = YES;
				CLANG_ENABLE_OBJC_ARC = YES;
				CLANG_ENABLE_OBJC_WEAK = YES;
				CLANG_WARN_BLOCK_CAPTURE_AUTORELEASING = YES;
				CLANG_WARN_BOOL_CONVERSION = YES;
				CLANG_WARN_COMMA = YES;
				CLANG_WARN_CONSTANT_CONVERSION = YES;
				CLANG_WARN_DEPRECATED_OBJC_IMPLEMENTATIONS = YES;
				CLANG_WARN_DIRECT_OBJC_ISA_USAGE = YES_ERROR;
				CLANG_WARN_DOCUMENTATION_COMMENTS = YES;
				CLANG_WARN_EMPTY_BODY = YES;
				CLANG_WARN_ENUM_CONVERSION = YES;
				CLANG_WARN_INFINITE_RECURSION = YES;
				CLANG_WARN_INT_CONVERSION = YES;
				CLANG_WARN_NON_LITERAL_NULL_CONVERSION = YES;
				CLANG_WARN_OBJC_IMPLICIT_RETAIN_SELF = YES;
				CLANG_WARN_OBJC_LITERAL_CONVERSION = YES;
				CLANG_WARN_OBJC_ROOT_CLASS = YES_ERROR;
				CLANG_WARN_QUOTED_INCLUDE_IN_FRAMEWORK_HEADER = YES;
				CLANG_WARN_RANGE_LOOP_ANALYSIS = YES;
				CLANG_WARN_STRICT_PROTOTYPES = YES;
				CLANG_WARN_SUSPICIOUS_MOVE = YES;
				CLANG_WARN_UNGUARDED_AVAILABILITY = YES_AGGRESSIVE;
				CLANG_WARN_UNREACHABLE_CODE = YES;
				CLANG_WARN__DUPLICATE_METHOD_MATCH = YES;
				COPY_PHASE_STRIP = NO;
				DEBUG_INFORMATION_FORMAT = "dwarf-with-dsym";
				ENABLE_NS_ASSERTIONS = NO;
				ENABLE_STRICT_OBJC_MSGSEND = YES;
				GCC_C_LANGUAGE_STANDARD = gnu11;
				GCC_NO_COMMON_BLOCKS = YES;
				GCC_WARN_64_TO_32_BIT_CONVERSION = YES;
				GCC_WARN_ABOUT_RETURN_TYPE = YES_ERROR;
				GCC_WARN_UNDECLARED_SELECTOR = YES;
				GCC_WARN_UNINITIALIZED_AUTOS = YES_AGGRESSIVE;
				GCC_WARN_UNUSED_FUNCTION = YES;
				GCC_WARN_UNUSED_VARIABLE = YES;
				IPHONEOS_DEPLOYMENT_TARGET = 14.0;
				MTL_ENABLE_DEBUG_INFO = NO;
				MTL_FAST_MATH = YES;
				SDKROOT = iphoneos;
				SWIFT_COMPILATION_MODE = wholemodule;
				SWIFT_OPTIMIZATION_LEVEL = "-O";
				VALIDATE_PRODUCT = YES;
			};
			name = Release;
		};
		016B90B225319ABC0086DC31 /* Debug */ = {
			isa = XCBuildConfiguration;
			baseConfigurationReference = 6BB251732254A1A84822062E /* Pods-UIKitSwiftUIVIPER.debug.xcconfig */;
			buildSettings = {
				ASSETCATALOG_COMPILER_APPICON_NAME = AppIcon;
				ASSETCATALOG_COMPILER_GLOBAL_ACCENT_COLOR_NAME = AccentColor;
				CODE_SIGN_STYLE = Automatic;
				DEVELOPMENT_ASSET_PATHS = "\"UIKitSwiftUIVIPER/Preview Content\"";
				DEVELOPMENT_TEAM = 7KV7Y4QP2Z;
				ENABLE_PREVIEWS = YES;
				INFOPLIST_FILE = UIKitSwiftUIVIPER/Info.plist;
				LD_RUNPATH_SEARCH_PATHS = (
					"$(inherited)",
					"@executable_path/Frameworks",
				);
				PRODUCT_BUNDLE_IDENTIFIER = com.rogueknight1726.chatapplication;
				PRODUCT_NAME = "$(TARGET_NAME)";
				SWIFT_VERSION = 5.0;
				TARGETED_DEVICE_FAMILY = "1,2";
			};
			name = Debug;
		};
		016B90B325319ABC0086DC31 /* Release */ = {
			isa = XCBuildConfiguration;
			baseConfigurationReference = D2859A39DC6D56079B7DD1F2 /* Pods-UIKitSwiftUIVIPER.release.xcconfig */;
			buildSettings = {
				ASSETCATALOG_COMPILER_APPICON_NAME = AppIcon;
				ASSETCATALOG_COMPILER_GLOBAL_ACCENT_COLOR_NAME = AccentColor;
				CODE_SIGN_STYLE = Automatic;
				DEVELOPMENT_ASSET_PATHS = "\"UIKitSwiftUIVIPER/Preview Content\"";
				DEVELOPMENT_TEAM = 7KV7Y4QP2Z;
				ENABLE_PREVIEWS = YES;
				INFOPLIST_FILE = UIKitSwiftUIVIPER/Info.plist;
				LD_RUNPATH_SEARCH_PATHS = (
					"$(inherited)",
					"@executable_path/Frameworks",
				);
				PRODUCT_BUNDLE_IDENTIFIER = com.rogueknight1726.chatapplication;
				PRODUCT_NAME = "$(TARGET_NAME)";
				SWIFT_VERSION = 5.0;
				TARGETED_DEVICE_FAMILY = "1,2";
			};
			name = Release;
		};
		016B90B525319ABC0086DC31 /* Debug */ = {
			isa = XCBuildConfiguration;
			baseConfigurationReference = 9AB6C19025E4DF41A20976B0 /* Pods-UIKitSwiftUIVIPERTests.debug.xcconfig */;
			buildSettings = {
				ALWAYS_EMBED_SWIFT_STANDARD_LIBRARIES = YES;
				BUNDLE_LOADER = "$(TEST_HOST)";
				CODE_SIGN_STYLE = Automatic;
				DEVELOPMENT_TEAM = 7KV7Y4QP2Z;
				INFOPLIST_FILE = UIKitSwiftUIVIPERTests/Info.plist;
				IPHONEOS_DEPLOYMENT_TARGET = 14.0;
				LD_RUNPATH_SEARCH_PATHS = (
					"$(inherited)",
					"@executable_path/Frameworks",
					"@loader_path/Frameworks",
				);
				PRODUCT_BUNDLE_IDENTIFIER = com.rogueknight1726.unittest.hardependencies.UIKitSwiftUIVIPERTests;
				PRODUCT_NAME = "$(TARGET_NAME)";
				SWIFT_VERSION = 5.0;
				TARGETED_DEVICE_FAMILY = "1,2";
				TEST_HOST = "$(BUILT_PRODUCTS_DIR)/UIKitSwiftUIVIPER.app/UIKitSwiftUIVIPER";
			};
			name = Debug;
		};
		016B90B625319ABC0086DC31 /* Release */ = {
			isa = XCBuildConfiguration;
			baseConfigurationReference = 71256EE0DF994EEE44F3D893 /* Pods-UIKitSwiftUIVIPERTests.release.xcconfig */;
			buildSettings = {
				ALWAYS_EMBED_SWIFT_STANDARD_LIBRARIES = YES;
				BUNDLE_LOADER = "$(TEST_HOST)";
				CODE_SIGN_STYLE = Automatic;
				DEVELOPMENT_TEAM = 7KV7Y4QP2Z;
				INFOPLIST_FILE = UIKitSwiftUIVIPERTests/Info.plist;
				IPHONEOS_DEPLOYMENT_TARGET = 14.0;
				LD_RUNPATH_SEARCH_PATHS = (
					"$(inherited)",
					"@executable_path/Frameworks",
					"@loader_path/Frameworks",
				);
				PRODUCT_BUNDLE_IDENTIFIER = com.rogueknight1726.unittest.hardependencies.UIKitSwiftUIVIPERTests;
				PRODUCT_NAME = "$(TARGET_NAME)";
				SWIFT_VERSION = 5.0;
				TARGETED_DEVICE_FAMILY = "1,2";
				TEST_HOST = "$(BUILT_PRODUCTS_DIR)/UIKitSwiftUIVIPER.app/UIKitSwiftUIVIPER";
			};
			name = Release;
		};
		016B90B825319ABC0086DC31 /* Debug */ = {
			isa = XCBuildConfiguration;
			baseConfigurationReference = 69251BA2E1B96DC07A82CFF5 /* Pods-UIKitSwiftUIVIPER-UIKitSwiftUIVIPERUITests.debug.xcconfig */;
			buildSettings = {
				ALWAYS_EMBED_SWIFT_STANDARD_LIBRARIES = YES;
				CODE_SIGN_STYLE = Automatic;
				DEVELOPMENT_TEAM = 7KV7Y4QP2Z;
				INFOPLIST_FILE = UIKitSwiftUIVIPERUITests/Info.plist;
				LD_RUNPATH_SEARCH_PATHS = (
					"$(inherited)",
					"@executable_path/Frameworks",
					"@loader_path/Frameworks",
				);
				PRODUCT_BUNDLE_IDENTIFIER = com.rogueknight1726.unittest.hardependencies.UIKitSwiftUIVIPERUITests;
				PRODUCT_NAME = "$(TARGET_NAME)";
				SWIFT_VERSION = 5.0;
				TARGETED_DEVICE_FAMILY = "1,2";
				TEST_TARGET_NAME = UIKitSwiftUIVIPER;
			};
			name = Debug;
		};
		016B90B925319ABC0086DC31 /* Release */ = {
			isa = XCBuildConfiguration;
			baseConfigurationReference = 65C37EAAEDB791DCEC63DDD9 /* Pods-UIKitSwiftUIVIPER-UIKitSwiftUIVIPERUITests.release.xcconfig */;
			buildSettings = {
				ALWAYS_EMBED_SWIFT_STANDARD_LIBRARIES = YES;
				CODE_SIGN_STYLE = Automatic;
				DEVELOPMENT_TEAM = 7KV7Y4QP2Z;
				INFOPLIST_FILE = UIKitSwiftUIVIPERUITests/Info.plist;
				LD_RUNPATH_SEARCH_PATHS = (
					"$(inherited)",
					"@executable_path/Frameworks",
					"@loader_path/Frameworks",
				);
				PRODUCT_BUNDLE_IDENTIFIER = com.rogueknight1726.unittest.hardependencies.UIKitSwiftUIVIPERUITests;
				PRODUCT_NAME = "$(TARGET_NAME)";
				SWIFT_VERSION = 5.0;
				TARGETED_DEVICE_FAMILY = "1,2";
				TEST_TARGET_NAME = UIKitSwiftUIVIPER;
			};
			name = Release;
		};
/* End XCBuildConfiguration section */

/* Begin XCConfigurationList section */
		016B908225319AB80086DC31 /* Build configuration list for PBXProject "UIKitSwiftUIVIPER" */ = {
			isa = XCConfigurationList;
			buildConfigurations = (
				016B90AF25319ABC0086DC31 /* Debug */,
				016B90B025319ABC0086DC31 /* Release */,
			);
			defaultConfigurationIsVisible = 0;
			defaultConfigurationName = Release;
		};
		016B90B125319ABC0086DC31 /* Build configuration list for PBXNativeTarget "UIKitSwiftUIVIPER" */ = {
			isa = XCConfigurationList;
			buildConfigurations = (
				016B90B225319ABC0086DC31 /* Debug */,
				016B90B325319ABC0086DC31 /* Release */,
			);
			defaultConfigurationIsVisible = 0;
			defaultConfigurationName = Release;
		};
		016B90B425319ABC0086DC31 /* Build configuration list for PBXNativeTarget "UIKitSwiftUIVIPERTests" */ = {
			isa = XCConfigurationList;
			buildConfigurations = (
				016B90B525319ABC0086DC31 /* Debug */,
				016B90B625319ABC0086DC31 /* Release */,
			);
			defaultConfigurationIsVisible = 0;
			defaultConfigurationName = Release;
		};
		016B90B725319ABC0086DC31 /* Build configuration list for PBXNativeTarget "UIKitSwiftUIVIPERUITests" */ = {
			isa = XCConfigurationList;
			buildConfigurations = (
				016B90B825319ABC0086DC31 /* Debug */,
				016B90B925319ABC0086DC31 /* Release */,
			);
			defaultConfigurationIsVisible = 0;
			defaultConfigurationName = Release;
		};
/* End XCConfigurationList section */
	};
	rootObject = 016B907F25319AB80086DC31 /* Project object */;
}
